<?xml version="1.0" encoding="UTF-8"?>
<!DOCTYPE plist PUBLIC "-//Apple//DTD PLIST 1.0//EN" "http://www.apple.com/DTDs/PropertyList-1.0.dtd">
<plist version="1.0">
<dict>
	<key>archiveVersion</key>
	<string>1</string>
	<key>classes</key>
	<dict/>
	<key>objectVersion</key>
	<string>46</string>
	<key>objects</key>
	<dict>
		<key>0206F6A333F3C48394BF27BF</key>
		<dict>
			<key>fileRef</key>
			<string>39DF35FCF1D8573E671F46B7</string>
			<key>isa</key>
			<string>PBXBuildFile</string>
		</dict>
		<key>0591185C033C33EB03F83E24</key>
		<dict>
			<key>buildActionMask</key>
			<string>2147483647</string>
			<key>files</key>
			<array/>
			<key>inputPaths</key>
			<array/>
			<key>isa</key>
			<string>PBXShellScriptBuildPhase</string>
			<key>name</key>
			<string>Check Pods Manifest.lock</string>
			<key>outputPaths</key>
			<array/>
			<key>runOnlyForDeploymentPostprocessing</key>
			<string>0</string>
			<key>shellPath</key>
			<string>/bin/sh</string>
			<key>shellScript</key>
			<string>diff "${PODS_ROOT}/../Podfile.lock" "${PODS_ROOT}/Manifest.lock" &gt; /dev/null
if [[ $? != 0 ]] ; then
    cat &lt;&lt; EOM
error: The sandbox is not in sync with the Podfile.lock. Run 'pod install' or update your CocoaPods installation.
EOM
    exit 1
fi
</string>
			<key>showEnvVarsInLog</key>
			<string>0</string>
		</dict>
		<key>16D39442002DB1EB190E6320</key>
		<dict>
			<key>children</key>
			<array>
				<string>EB3E9066A261EFA6DF85A357</string>
				<string>487F6869195A3552C3BEA289</string>
			</array>
			<key>isa</key>
			<string>PBXGroup</string>
			<key>name</key>
			<string>Pods</string>
			<key>sourceTree</key>
			<string>&lt;group&gt;</string>
		</dict>
		<key>39DF35FCF1D8573E671F46B7</key>
		<dict>
			<key>explicitFileType</key>
			<string>archive.ar</string>
			<key>includeInIndex</key>
			<string>0</string>
			<key>isa</key>
			<string>PBXFileReference</string>
			<key>path</key>
			<string>libPods.a</string>
			<key>sourceTree</key>
			<string>BUILT_PRODUCTS_DIR</string>
		</dict>
		<key>487F6869195A3552C3BEA289</key>
		<dict>
			<key>includeInIndex</key>
			<string>1</string>
			<key>isa</key>
			<string>PBXFileReference</string>
			<key>lastKnownFileType</key>
			<string>text.xcconfig</string>
			<key>name</key>
			<string>Pods.release.xcconfig</string>
			<key>path</key>
			<string>Pods/Target Support Files/Pods/Pods.release.xcconfig</string>
			<key>sourceTree</key>
			<string>&lt;group&gt;</string>
		</dict>
		<key>67A65FC315F39DD16E638C1D</key>
		<dict>
			<key>buildActionMask</key>
			<string>2147483647</string>
			<key>files</key>
			<array/>
			<key>inputPaths</key>
			<array/>
			<key>isa</key>
			<string>PBXShellScriptBuildPhase</string>
			<key>name</key>
			<string>Copy Pods Resources</string>
			<key>outputPaths</key>
			<array/>
			<key>runOnlyForDeploymentPostprocessing</key>
			<string>0</string>
			<key>shellPath</key>
			<string>/bin/sh</string>
			<key>shellScript</key>
			<string>"${SRCROOT}/Pods/Target Support Files/Pods/Pods-resources.sh"
</string>
			<key>showEnvVarsInLog</key>
			<string>0</string>
		</dict>
		<key>6ED6C726D7356191CDF46F8E</key>
		<dict>
			<key>children</key>
			<array>
				<string>39DF35FCF1D8573E671F46B7</string>
			</array>
			<key>isa</key>
			<string>PBXGroup</string>
			<key>name</key>
			<string>Frameworks</string>
			<key>sourceTree</key>
			<string>&lt;group&gt;</string>
		</dict>
		<key>888A25791CA8A1EA00793183</key>
		<dict>
			<key>children</key>
			<array>
				<string>888A25841CA8A1EA00793183</string>
				<string>888A25831CA8A1EA00793183</string>
				<string>16D39442002DB1EB190E6320</string>
				<string>6ED6C726D7356191CDF46F8E</string>
			</array>
			<key>isa</key>
			<string>PBXGroup</string>
			<key>sourceTree</key>
			<string>&lt;group&gt;</string>
		</dict>
		<key>888A257A1CA8A1EA00793183</key>
		<dict>
			<key>attributes</key>
			<dict>
				<key>LastUpgradeCheck</key>
				<string>0730</string>
				<key>ORGANIZATIONNAME</key>
				<string>Bloc</string>
				<key>TargetAttributes</key>
				<dict>
					<key>888A25811CA8A1EA00793183</key>
					<dict>
						<key>CreatedOnToolsVersion</key>
						<string>7.3</string>
					</dict>
				</dict>
			</dict>
			<key>buildConfigurationList</key>
			<string>888A257D1CA8A1EA00793183</string>
			<key>compatibilityVersion</key>
			<string>Xcode 3.2</string>
			<key>developmentRegion</key>
			<string>English</string>
			<key>hasScannedForEncodings</key>
			<string>0</string>
			<key>isa</key>
			<string>PBXProject</string>
			<key>knownRegions</key>
			<array>
				<string>en</string>
				<string>Base</string>
			</array>
			<key>mainGroup</key>
			<string>888A25791CA8A1EA00793183</string>
			<key>productRefGroup</key>
			<string>888A25831CA8A1EA00793183</string>
			<key>projectDirPath</key>
			<string></string>
			<key>projectReferences</key>
			<array/>
			<key>projectRoot</key>
			<string></string>
			<key>targets</key>
			<array>
				<string>888A25811CA8A1EA00793183</string>
			</array>
		</dict>
		<key>888A257D1CA8A1EA00793183</key>
		<dict>
			<key>buildConfigurations</key>
			<array>
				<string>888A25971CA8A1EA00793183</string>
				<string>888A25981CA8A1EA00793183</string>
			</array>
			<key>defaultConfigurationIsVisible</key>
			<string>0</string>
			<key>defaultConfigurationName</key>
			<string>Release</string>
			<key>isa</key>
			<string>XCConfigurationList</string>
		</dict>
		<key>888A257E1CA8A1EA00793183</key>
		<dict>
			<key>buildActionMask</key>
			<string>2147483647</string>
			<key>files</key>
			<array>
				<string>888A25FF1CAA4E5F00793183</string>
				<string>888A26051CAA4F3E00793183</string>
				<string>888A260E1CAAF56000793183</string>
				<string>888A26021CAA4EAE00793183</string>
				<string>888A258A1CA8A1EA00793183</string>
				<string>888A26111CAC973500793183</string>
				<string>888A26081CAA4FAD00793183</string>
				<string>888A25871CA8A1EA00793183</string>
				<string>888A25FC1CA9B6DE00793183</string>
			</array>
			<key>isa</key>
			<string>PBXSourcesBuildPhase</string>
			<key>runOnlyForDeploymentPostprocessing</key>
			<string>0</string>
		</dict>
		<key>888A257F1CA8A1EA00793183</key>
		<dict>
			<key>buildActionMask</key>
			<string>2147483647</string>
			<key>files</key>
			<array>
				<string>0206F6A333F3C48394BF27BF</string>
			</array>
			<key>isa</key>
			<string>PBXFrameworksBuildPhase</string>
			<key>runOnlyForDeploymentPostprocessing</key>
			<string>0</string>
		</dict>
		<key>888A25801CA8A1EA00793183</key>
		<dict>
			<key>buildActionMask</key>
			<string>2147483647</string>
			<key>files</key>
			<array>
				<string>888A25F81CA9B6A100793183</string>
				<string>888A25F71CA9B6A100793183</string>
				<string>888A25F31CA9B6A100793183</string>
				<string>888A25F21CA9B6A100793183</string>
				<string>888A25F51CA9B6A100793183</string>
				<string>888A25F01CA9B6A100793183</string>
				<string>888A25951CA8A1EA00793183</string>
				<string>888A25F41CA9B6A100793183</string>
				<string>888A25F61CA9B6A100793183</string>
				<string>888A25F11CA9B6A100793183</string>
				<string>888A25F91CA9B6A100793183</string>
				<string>888A25921CA8A1EA00793183</string>
			</array>
			<key>isa</key>
			<string>PBXResourcesBuildPhase</string>
			<key>runOnlyForDeploymentPostprocessing</key>
			<string>0</string>
		</dict>
		<key>888A25811CA8A1EA00793183</key>
		<dict>
			<key>buildConfigurationList</key>
			<string>888A25991CA8A1EA00793183</string>
			<key>buildPhases</key>
			<array>
				<string>0591185C033C33EB03F83E24</string>
				<string>888A257E1CA8A1EA00793183</string>
				<string>888A257F1CA8A1EA00793183</string>
				<string>888A25801CA8A1EA00793183</string>
				<string>A0036DAA0A48A078DD77F3D3</string>
				<string>67A65FC315F39DD16E638C1D</string>
			</array>
			<key>buildRules</key>
			<array/>
			<key>dependencies</key>
			<array/>
			<key>isa</key>
			<string>PBXNativeTarget</string>
			<key>name</key>
			<string>Blocstagram</string>
			<key>productName</key>
			<string>Blocstagram</string>
			<key>productReference</key>
			<string>888A25821CA8A1EA00793183</string>
			<key>productType</key>
			<string>com.apple.product-type.application</string>
		</dict>
		<key>888A25821CA8A1EA00793183</key>
		<dict>
			<key>explicitFileType</key>
			<string>wrapper.application</string>
			<key>includeInIndex</key>
			<string>0</string>
			<key>isa</key>
			<string>PBXFileReference</string>
			<key>path</key>
			<string>Blocstagram.app</string>
			<key>sourceTree</key>
			<string>BUILT_PRODUCTS_DIR</string>
		</dict>
		<key>888A25831CA8A1EA00793183</key>
		<dict>
			<key>children</key>
			<array>
				<string>888A25821CA8A1EA00793183</string>
			</array>
			<key>isa</key>
			<string>PBXGroup</string>
			<key>name</key>
			<string>Products</string>
			<key>sourceTree</key>
			<string>&lt;group&gt;</string>
		</dict>
		<key>888A25841CA8A1EA00793183</key>
		<dict>
			<key>children</key>
			<array>
				<string>888A25E51CA9B68900793183</string>
				<string>888A25881CA8A1EA00793183</string>
				<string>888A25891CA8A1EA00793183</string>
				<string>888A25FA1CA9B6DE00793183</string>
				<string>888A25FB1CA9B6DE00793183</string>
				<string>888A25FD1CAA4E5F00793183</string>
				<string>888A25FE1CAA4E5F00793183</string>
				<string>888A26001CAA4EAE00793183</string>
				<string>888A26011CAA4EAE00793183</string>
				<string>888A26031CAA4F3E00793183</string>
				<string>888A26041CAA4F3E00793183</string>
				<string>888A26061CAA4FAD00793183</string>
				<string>888A26071CAA4FAD00793183</string>
				<string>888A260C1CAAF56000793183</string>
				<string>888A260D1CAAF56000793183</string>
				<string>888A260F1CAC973500793183</string>
				<string>888A26101CAC973500793183</string>
				<string>888A25911CA8A1EA00793183</string>
				<string>888A25931CA8A1EA00793183</string>
				<string>888A25961CA8A1EA00793183</string>
				<string>888A25851CA8A1EA00793183</string>
			</array>
			<key>isa</key>
			<string>PBXGroup</string>
			<key>path</key>
			<string>Blocstagram</string>
			<key>sourceTree</key>
			<string>&lt;group&gt;</string>
		</dict>
		<key>888A25851CA8A1EA00793183</key>
		<dict>
			<key>children</key>
			<array>
				<string>888A25861CA8A1EA00793183</string>
			</array>
			<key>isa</key>
			<string>PBXGroup</string>
			<key>name</key>
			<string>Supporting Files</string>
			<key>sourceTree</key>
			<string>&lt;group&gt;</string>
		</dict>
		<key>888A25861CA8A1EA00793183</key>
		<dict>
			<key>isa</key>
			<string>PBXFileReference</string>
			<key>lastKnownFileType</key>
			<string>sourcecode.c.objc</string>
			<key>path</key>
			<string>main.m</string>
			<key>sourceTree</key>
			<string>&lt;group&gt;</string>
		</dict>
		<key>888A25871CA8A1EA00793183</key>
		<dict>
			<key>fileRef</key>
			<string>888A25861CA8A1EA00793183</string>
			<key>isa</key>
			<string>PBXBuildFile</string>
		</dict>
		<key>888A25881CA8A1EA00793183</key>
		<dict>
			<key>isa</key>
			<string>PBXFileReference</string>
			<key>lastKnownFileType</key>
			<string>sourcecode.c.h</string>
			<key>path</key>
			<string>AppDelegate.h</string>
			<key>sourceTree</key>
			<string>&lt;group&gt;</string>
		</dict>
		<key>888A25891CA8A1EA00793183</key>
		<dict>
			<key>isa</key>
			<string>PBXFileReference</string>
			<key>lastKnownFileType</key>
			<string>sourcecode.c.objc</string>
			<key>path</key>
			<string>AppDelegate.m</string>
			<key>sourceTree</key>
			<string>&lt;group&gt;</string>
		</dict>
		<key>888A258A1CA8A1EA00793183</key>
		<dict>
			<key>fileRef</key>
			<string>888A25891CA8A1EA00793183</string>
			<key>isa</key>
			<string>PBXBuildFile</string>
		</dict>
		<key>888A25911CA8A1EA00793183</key>
		<dict>
			<key>isa</key>
			<string>PBXFileReference</string>
			<key>lastKnownFileType</key>
			<string>folder.assetcatalog</string>
			<key>path</key>
			<string>Assets.xcassets</string>
			<key>sourceTree</key>
			<string>&lt;group&gt;</string>
		</dict>
		<key>888A25921CA8A1EA00793183</key>
		<dict>
			<key>fileRef</key>
			<string>888A25911CA8A1EA00793183</string>
			<key>isa</key>
			<string>PBXBuildFile</string>
		</dict>
		<key>888A25931CA8A1EA00793183</key>
		<dict>
			<key>children</key>
			<array>
				<string>888A25941CA8A1EA00793183</string>
			</array>
			<key>isa</key>
			<string>PBXVariantGroup</string>
			<key>name</key>
			<string>LaunchScreen.storyboard</string>
			<key>sourceTree</key>
			<string>&lt;group&gt;</string>
		</dict>
		<key>888A25941CA8A1EA00793183</key>
		<dict>
			<key>isa</key>
			<string>PBXFileReference</string>
			<key>lastKnownFileType</key>
			<string>file.storyboard</string>
			<key>name</key>
			<string>Base</string>
			<key>path</key>
			<string>Base.lproj/LaunchScreen.storyboard</string>
			<key>sourceTree</key>
			<string>&lt;group&gt;</string>
		</dict>
		<key>888A25951CA8A1EA00793183</key>
		<dict>
			<key>fileRef</key>
			<string>888A25931CA8A1EA00793183</string>
			<key>isa</key>
			<string>PBXBuildFile</string>
		</dict>
		<key>888A25961CA8A1EA00793183</key>
		<dict>
			<key>isa</key>
			<string>PBXFileReference</string>
			<key>lastKnownFileType</key>
			<string>text.plist.xml</string>
			<key>path</key>
			<string>Info.plist</string>
			<key>sourceTree</key>
			<string>&lt;group&gt;</string>
		</dict>
		<key>888A25971CA8A1EA00793183</key>
		<dict>
			<key>buildSettings</key>
			<dict>
				<key>ALWAYS_SEARCH_USER_PATHS</key>
				<string>NO</string>
				<key>CLANG_ANALYZER_NONNULL</key>
				<string>YES</string>
				<key>CLANG_CXX_LANGUAGE_STANDARD</key>
				<string>gnu++0x</string>
				<key>CLANG_CXX_LIBRARY</key>
				<string>libc++</string>
				<key>CLANG_ENABLE_MODULES</key>
				<string>YES</string>
				<key>CLANG_ENABLE_OBJC_ARC</key>
				<string>YES</string>
				<key>CLANG_WARN_BOOL_CONVERSION</key>
				<string>YES</string>
				<key>CLANG_WARN_CONSTANT_CONVERSION</key>
				<string>YES</string>
				<key>CLANG_WARN_DIRECT_OBJC_ISA_USAGE</key>
				<string>YES_ERROR</string>
				<key>CLANG_WARN_EMPTY_BODY</key>
				<string>YES</string>
				<key>CLANG_WARN_ENUM_CONVERSION</key>
				<string>YES</string>
				<key>CLANG_WARN_INT_CONVERSION</key>
				<string>YES</string>
				<key>CLANG_WARN_OBJC_ROOT_CLASS</key>
				<string>YES_ERROR</string>
				<key>CLANG_WARN_UNREACHABLE_CODE</key>
				<string>YES</string>
				<key>CLANG_WARN__DUPLICATE_METHOD_MATCH</key>
				<string>YES</string>
				<key>CODE_SIGN_IDENTITY[sdk=iphoneos*]</key>
				<string>iPhone Developer</string>
				<key>COPY_PHASE_STRIP</key>
				<string>NO</string>
				<key>DEBUG_INFORMATION_FORMAT</key>
				<string>dwarf</string>
				<key>ENABLE_STRICT_OBJC_MSGSEND</key>
				<string>YES</string>
				<key>ENABLE_TESTABILITY</key>
				<string>YES</string>
				<key>GCC_C_LANGUAGE_STANDARD</key>
				<string>gnu99</string>
				<key>GCC_DYNAMIC_NO_PIC</key>
				<string>NO</string>
				<key>GCC_NO_COMMON_BLOCKS</key>
				<string>YES</string>
				<key>GCC_OPTIMIZATION_LEVEL</key>
				<string>0</string>
				<key>GCC_PREPROCESSOR_DEFINITIONS</key>
				<array>
					<string>DEBUG=1</string>
					<string>$(inherited)</string>
				</array>
				<key>GCC_WARN_64_TO_32_BIT_CONVERSION</key>
				<string>YES</string>
				<key>GCC_WARN_ABOUT_RETURN_TYPE</key>
				<string>YES_ERROR</string>
				<key>GCC_WARN_UNDECLARED_SELECTOR</key>
				<string>YES</string>
				<key>GCC_WARN_UNINITIALIZED_AUTOS</key>
				<string>YES_AGGRESSIVE</string>
				<key>GCC_WARN_UNUSED_FUNCTION</key>
				<string>YES</string>
				<key>GCC_WARN_UNUSED_VARIABLE</key>
				<string>YES</string>
				<key>IPHONEOS_DEPLOYMENT_TARGET</key>
				<string>9.3</string>
				<key>MTL_ENABLE_DEBUG_INFO</key>
				<string>YES</string>
				<key>ONLY_ACTIVE_ARCH</key>
				<string>YES</string>
				<key>SDKROOT</key>
				<string>iphoneos</string>
				<key>TARGETED_DEVICE_FAMILY</key>
				<string>1,2</string>
			</dict>
			<key>isa</key>
			<string>XCBuildConfiguration</string>
			<key>name</key>
			<string>Debug</string>
		</dict>
		<key>888A25981CA8A1EA00793183</key>
		<dict>
			<key>buildSettings</key>
			<dict>
				<key>ALWAYS_SEARCH_USER_PATHS</key>
				<string>NO</string>
				<key>CLANG_ANALYZER_NONNULL</key>
				<string>YES</string>
				<key>CLANG_CXX_LANGUAGE_STANDARD</key>
				<string>gnu++0x</string>
				<key>CLANG_CXX_LIBRARY</key>
				<string>libc++</string>
				<key>CLANG_ENABLE_MODULES</key>
				<string>YES</string>
				<key>CLANG_ENABLE_OBJC_ARC</key>
				<string>YES</string>
				<key>CLANG_WARN_BOOL_CONVERSION</key>
				<string>YES</string>
				<key>CLANG_WARN_CONSTANT_CONVERSION</key>
				<string>YES</string>
				<key>CLANG_WARN_DIRECT_OBJC_ISA_USAGE</key>
				<string>YES_ERROR</string>
				<key>CLANG_WARN_EMPTY_BODY</key>
				<string>YES</string>
				<key>CLANG_WARN_ENUM_CONVERSION</key>
				<string>YES</string>
				<key>CLANG_WARN_INT_CONVERSION</key>
				<string>YES</string>
				<key>CLANG_WARN_OBJC_ROOT_CLASS</key>
				<string>YES_ERROR</string>
				<key>CLANG_WARN_UNREACHABLE_CODE</key>
				<string>YES</string>
				<key>CLANG_WARN__DUPLICATE_METHOD_MATCH</key>
				<string>YES</string>
				<key>CODE_SIGN_IDENTITY[sdk=iphoneos*]</key>
				<string>iPhone Developer</string>
				<key>COPY_PHASE_STRIP</key>
				<string>NO</string>
				<key>DEBUG_INFORMATION_FORMAT</key>
				<string>dwarf-with-dsym</string>
				<key>ENABLE_NS_ASSERTIONS</key>
				<string>NO</string>
				<key>ENABLE_STRICT_OBJC_MSGSEND</key>
				<string>YES</string>
				<key>GCC_C_LANGUAGE_STANDARD</key>
				<string>gnu99</string>
				<key>GCC_NO_COMMON_BLOCKS</key>
				<string>YES</string>
				<key>GCC_WARN_64_TO_32_BIT_CONVERSION</key>
				<string>YES</string>
				<key>GCC_WARN_ABOUT_RETURN_TYPE</key>
				<string>YES_ERROR</string>
				<key>GCC_WARN_UNDECLARED_SELECTOR</key>
				<string>YES</string>
				<key>GCC_WARN_UNINITIALIZED_AUTOS</key>
				<string>YES_AGGRESSIVE</string>
				<key>GCC_WARN_UNUSED_FUNCTION</key>
				<string>YES</string>
				<key>GCC_WARN_UNUSED_VARIABLE</key>
				<string>YES</string>
				<key>IPHONEOS_DEPLOYMENT_TARGET</key>
				<string>9.3</string>
				<key>MTL_ENABLE_DEBUG_INFO</key>
				<string>NO</string>
				<key>SDKROOT</key>
				<string>iphoneos</string>
				<key>TARGETED_DEVICE_FAMILY</key>
				<string>1,2</string>
				<key>VALIDATE_PRODUCT</key>
				<string>YES</string>
			</dict>
			<key>isa</key>
			<string>XCBuildConfiguration</string>
			<key>name</key>
			<string>Release</string>
		</dict>
		<key>888A25991CA8A1EA00793183</key>
		<dict>
			<key>buildConfigurations</key>
			<array>
				<string>888A259A1CA8A1EA00793183</string>
				<string>888A259B1CA8A1EA00793183</string>
			</array>
			<key>defaultConfigurationIsVisible</key>
			<string>0</string>
			<key>defaultConfigurationName</key>
			<string>Release</string>
			<key>isa</key>
			<string>XCConfigurationList</string>
		</dict>
		<key>888A259A1CA8A1EA00793183</key>
		<dict>
			<key>baseConfigurationReference</key>
			<string>EB3E9066A261EFA6DF85A357</string>
			<key>buildSettings</key>
			<dict>
				<key>ASSETCATALOG_COMPILER_APPICON_NAME</key>
				<string>AppIcon</string>
				<key>INFOPLIST_FILE</key>
				<string>Blocstagram/Info.plist</string>
				<key>LD_RUNPATH_SEARCH_PATHS</key>
				<string>$(inherited) @executable_path/Frameworks</string>
				<key>PRODUCT_BUNDLE_IDENTIFIER</key>
				<string>com.Bloc.Blocstagram</string>
				<key>PRODUCT_NAME</key>
				<string>$(TARGET_NAME)</string>
			</dict>
			<key>isa</key>
			<string>XCBuildConfiguration</string>
			<key>name</key>
			<string>Debug</string>
		</dict>
		<key>888A259B1CA8A1EA00793183</key>
		<dict>
			<key>baseConfigurationReference</key>
			<string>487F6869195A3552C3BEA289</string>
			<key>buildSettings</key>
			<dict>
				<key>ASSETCATALOG_COMPILER_APPICON_NAME</key>
				<string>AppIcon</string>
				<key>INFOPLIST_FILE</key>
				<string>Blocstagram/Info.plist</string>
				<key>LD_RUNPATH_SEARCH_PATHS</key>
				<string>$(inherited) @executable_path/Frameworks</string>
				<key>PRODUCT_BUNDLE_IDENTIFIER</key>
				<string>com.Bloc.Blocstagram</string>
				<key>PRODUCT_NAME</key>
				<string>$(TARGET_NAME)</string>
			</dict>
			<key>isa</key>
			<string>XCBuildConfiguration</string>
			<key>name</key>
			<string>Release</string>
		</dict>
		<key>888A25E51CA9B68900793183</key>
		<dict>
			<key>children</key>
			<array>
				<string>888A25E61CA9B6A100793183</string>
				<string>888A25E71CA9B6A100793183</string>
				<string>888A25E81CA9B6A100793183</string>
				<string>888A25E91CA9B6A100793183</string>
				<string>888A25EA1CA9B6A100793183</string>
				<string>888A25EB1CA9B6A100793183</string>
				<string>888A25EC1CA9B6A100793183</string>
				<string>888A25ED1CA9B6A100793183</string>
				<string>888A25EE1CA9B6A100793183</string>
				<string>888A25EF1CA9B6A100793183</string>
			</array>
			<key>isa</key>
			<string>PBXGroup</string>
			<key>name</key>
			<string>Images</string>
			<key>sourceTree</key>
			<string>&lt;group&gt;</string>
		</dict>
		<key>888A25E61CA9B6A100793183</key>
		<dict>
			<key>isa</key>
			<string>PBXFileReference</string>
			<key>lastKnownFileType</key>
			<string>image.jpeg</string>
			<key>path</key>
			<string>1.jpg</string>
			<key>sourceTree</key>
			<string>&lt;group&gt;</string>
		</dict>
		<key>888A25E71CA9B6A100793183</key>
		<dict>
			<key>isa</key>
			<string>PBXFileReference</string>
			<key>lastKnownFileType</key>
			<string>image.jpeg</string>
			<key>path</key>
			<string>2.jpg</string>
			<key>sourceTree</key>
			<string>&lt;group&gt;</string>
		</dict>
		<key>888A25E81CA9B6A100793183</key>
		<dict>
			<key>isa</key>
			<string>PBXFileReference</string>
			<key>lastKnownFileType</key>
			<string>image.jpeg</string>
			<key>path</key>
			<string>3.jpg</string>
			<key>sourceTree</key>
			<string>&lt;group&gt;</string>
		</dict>
		<key>888A25E91CA9B6A100793183</key>
		<dict>
			<key>isa</key>
			<string>PBXFileReference</string>
			<key>lastKnownFileType</key>
			<string>image.jpeg</string>
			<key>path</key>
			<string>4.jpg</string>
			<key>sourceTree</key>
			<string>&lt;group&gt;</string>
		</dict>
		<key>888A25EA1CA9B6A100793183</key>
		<dict>
			<key>isa</key>
			<string>PBXFileReference</string>
			<key>lastKnownFileType</key>
			<string>image.jpeg</string>
			<key>path</key>
			<string>5.jpg</string>
			<key>sourceTree</key>
			<string>&lt;group&gt;</string>
		</dict>
		<key>888A25EB1CA9B6A100793183</key>
		<dict>
			<key>isa</key>
			<string>PBXFileReference</string>
			<key>lastKnownFileType</key>
			<string>image.jpeg</string>
			<key>path</key>
			<string>6.jpg</string>
			<key>sourceTree</key>
			<string>&lt;group&gt;</string>
		</dict>
		<key>888A25EC1CA9B6A100793183</key>
		<dict>
			<key>isa</key>
			<string>PBXFileReference</string>
			<key>lastKnownFileType</key>
			<string>image.jpeg</string>
			<key>path</key>
			<string>7.jpg</string>
			<key>sourceTree</key>
			<string>&lt;group&gt;</string>
		</dict>
		<key>888A25ED1CA9B6A100793183</key>
		<dict>
			<key>isa</key>
			<string>PBXFileReference</string>
			<key>lastKnownFileType</key>
			<string>image.jpeg</string>
			<key>path</key>
			<string>8.jpg</string>
			<key>sourceTree</key>
			<string>&lt;group&gt;</string>
		</dict>
		<key>888A25EE1CA9B6A100793183</key>
		<dict>
			<key>isa</key>
			<string>PBXFileReference</string>
			<key>lastKnownFileType</key>
			<string>image.jpeg</string>
			<key>path</key>
			<string>9.jpg</string>
			<key>sourceTree</key>
			<string>&lt;group&gt;</string>
		</dict>
		<key>888A25EF1CA9B6A100793183</key>
		<dict>
			<key>isa</key>
			<string>PBXFileReference</string>
			<key>lastKnownFileType</key>
			<string>image.jpeg</string>
			<key>path</key>
			<string>10.jpg</string>
			<key>sourceTree</key>
			<string>&lt;group&gt;</string>
		</dict>
		<key>888A25F01CA9B6A100793183</key>
		<dict>
			<key>fileRef</key>
			<string>888A25E61CA9B6A100793183</string>
			<key>isa</key>
			<string>PBXBuildFile</string>
		</dict>
		<key>888A25F11CA9B6A100793183</key>
		<dict>
			<key>fileRef</key>
			<string>888A25E71CA9B6A100793183</string>
			<key>isa</key>
			<string>PBXBuildFile</string>
		</dict>
		<key>888A25F21CA9B6A100793183</key>
		<dict>
			<key>fileRef</key>
			<string>888A25E81CA9B6A100793183</string>
			<key>isa</key>
			<string>PBXBuildFile</string>
		</dict>
		<key>888A25F31CA9B6A100793183</key>
		<dict>
			<key>fileRef</key>
			<string>888A25E91CA9B6A100793183</string>
			<key>isa</key>
			<string>PBXBuildFile</string>
		</dict>
		<key>888A25F41CA9B6A100793183</key>
		<dict>
			<key>fileRef</key>
			<string>888A25EA1CA9B6A100793183</string>
			<key>isa</key>
			<string>PBXBuildFile</string>
		</dict>
		<key>888A25F51CA9B6A100793183</key>
		<dict>
			<key>fileRef</key>
			<string>888A25EB1CA9B6A100793183</string>
			<key>isa</key>
			<string>PBXBuildFile</string>
		</dict>
		<key>888A25F61CA9B6A100793183</key>
		<dict>
			<key>fileRef</key>
			<string>888A25EC1CA9B6A100793183</string>
			<key>isa</key>
			<string>PBXBuildFile</string>
		</dict>
		<key>888A25F71CA9B6A100793183</key>
		<dict>
			<key>fileRef</key>
			<string>888A25ED1CA9B6A100793183</string>
			<key>isa</key>
			<string>PBXBuildFile</string>
		</dict>
		<key>888A25F81CA9B6A100793183</key>
		<dict>
			<key>fileRef</key>
			<string>888A25EE1CA9B6A100793183</string>
			<key>isa</key>
			<string>PBXBuildFile</string>
		</dict>
		<key>888A25F91CA9B6A100793183</key>
		<dict>
			<key>fileRef</key>
			<string>888A25EF1CA9B6A100793183</string>
			<key>isa</key>
			<string>PBXBuildFile</string>
		</dict>
		<key>888A25FA1CA9B6DE00793183</key>
		<dict>
			<key>fileEncoding</key>
			<string>4</string>
			<key>isa</key>
			<string>PBXFileReference</string>
			<key>lastKnownFileType</key>
			<string>sourcecode.c.h</string>
			<key>path</key>
			<string>ImagesTableViewController.h</string>
			<key>sourceTree</key>
			<string>&lt;group&gt;</string>
		</dict>
		<key>888A25FB1CA9B6DE00793183</key>
		<dict>
			<key>fileEncoding</key>
			<string>4</string>
			<key>isa</key>
			<string>PBXFileReference</string>
			<key>lastKnownFileType</key>
			<string>sourcecode.c.objc</string>
			<key>path</key>
			<string>ImagesTableViewController.m</string>
			<key>sourceTree</key>
			<string>&lt;group&gt;</string>
		</dict>
		<key>888A25FC1CA9B6DE00793183</key>
		<dict>
			<key>fileRef</key>
			<string>888A25FB1CA9B6DE00793183</string>
			<key>isa</key>
			<string>PBXBuildFile</string>
		</dict>
		<key>888A25FD1CAA4E5F00793183</key>
		<dict>
			<key>fileEncoding</key>
			<string>4</string>
			<key>isa</key>
			<string>PBXFileReference</string>
			<key>lastKnownFileType</key>
			<string>sourcecode.c.h</string>
			<key>path</key>
			<string>User.h</string>
			<key>sourceTree</key>
			<string>&lt;group&gt;</string>
		</dict>
		<key>888A25FE1CAA4E5F00793183</key>
		<dict>
			<key>fileEncoding</key>
			<string>4</string>
			<key>isa</key>
			<string>PBXFileReference</string>
			<key>lastKnownFileType</key>
			<string>sourcecode.c.objc</string>
			<key>path</key>
			<string>User.m</string>
			<key>sourceTree</key>
			<string>&lt;group&gt;</string>
		</dict>
		<key>888A25FF1CAA4E5F00793183</key>
		<dict>
			<key>fileRef</key>
			<string>888A25FE1CAA4E5F00793183</string>
			<key>isa</key>
			<string>PBXBuildFile</string>
		</dict>
		<key>888A26001CAA4EAE00793183</key>
		<dict>
			<key>fileEncoding</key>
			<string>4</string>
			<key>isa</key>
			<string>PBXFileReference</string>
			<key>lastKnownFileType</key>
			<string>sourcecode.c.h</string>
			<key>path</key>
			<string>Media.h</string>
			<key>sourceTree</key>
			<string>&lt;group&gt;</string>
		</dict>
		<key>888A26011CAA4EAE00793183</key>
		<dict>
			<key>fileEncoding</key>
			<string>4</string>
			<key>isa</key>
			<string>PBXFileReference</string>
			<key>lastKnownFileType</key>
			<string>sourcecode.c.objc</string>
			<key>path</key>
			<string>Media.m</string>
			<key>sourceTree</key>
			<string>&lt;group&gt;</string>
		</dict>
		<key>888A26021CAA4EAE00793183</key>
		<dict>
			<key>fileRef</key>
			<string>888A26011CAA4EAE00793183</string>
			<key>isa</key>
			<string>PBXBuildFile</string>
		</dict>
		<key>888A26031CAA4F3E00793183</key>
		<dict>
			<key>fileEncoding</key>
			<string>4</string>
			<key>isa</key>
			<string>PBXFileReference</string>
			<key>lastKnownFileType</key>
			<string>sourcecode.c.h</string>
			<key>path</key>
			<string>Comment.h</string>
			<key>sourceTree</key>
			<string>&lt;group&gt;</string>
		</dict>
		<key>888A26041CAA4F3E00793183</key>
		<dict>
			<key>fileEncoding</key>
			<string>4</string>
			<key>isa</key>
			<string>PBXFileReference</string>
			<key>lastKnownFileType</key>
			<string>sourcecode.c.objc</string>
			<key>path</key>
			<string>Comment.m</string>
			<key>sourceTree</key>
			<string>&lt;group&gt;</string>
		</dict>
		<key>888A26051CAA4F3E00793183</key>
		<dict>
			<key>fileRef</key>
			<string>888A26041CAA4F3E00793183</string>
			<key>isa</key>
			<string>PBXBuildFile</string>
		</dict>
		<key>888A26061CAA4FAD00793183</key>
		<dict>
			<key>fileEncoding</key>
			<string>4</string>
			<key>isa</key>
			<string>PBXFileReference</string>
			<key>lastKnownFileType</key>
			<string>sourcecode.c.h</string>
			<key>path</key>
			<string>DataSource.h</string>
			<key>sourceTree</key>
			<string>&lt;group&gt;</string>
		</dict>
		<key>888A26071CAA4FAD00793183</key>
		<dict>
			<key>fileEncoding</key>
			<string>4</string>
			<key>isa</key>
			<string>PBXFileReference</string>
			<key>lastKnownFileType</key>
			<string>sourcecode.c.objc</string>
			<key>path</key>
			<string>DataSource.m</string>
			<key>sourceTree</key>
			<string>&lt;group&gt;</string>
		</dict>
		<key>888A26081CAA4FAD00793183</key>
		<dict>
			<key>fileRef</key>
			<string>888A26071CAA4FAD00793183</string>
			<key>isa</key>
			<string>PBXBuildFile</string>
		</dict>
		<key>888A260C1CAAF56000793183</key>
		<dict>
			<key>fileEncoding</key>
			<string>4</string>
			<key>isa</key>
			<string>PBXFileReference</string>
			<key>lastKnownFileType</key>
			<string>sourcecode.c.h</string>
			<key>name</key>
			<string>MediaTableViewCell.h</string>
			<key>path</key>
			<string>../MediaTableViewCell.h</string>
			<key>sourceTree</key>
			<string>&lt;group&gt;</string>
		</dict>
		<key>888A260D1CAAF56000793183</key>
		<dict>
			<key>fileEncoding</key>
			<string>4</string>
			<key>isa</key>
			<string>PBXFileReference</string>
			<key>lastKnownFileType</key>
			<string>sourcecode.c.objc</string>
			<key>name</key>
			<string>MediaTableViewCell.m</string>
			<key>path</key>
			<string>../MediaTableViewCell.m</string>
			<key>sourceTree</key>
			<string>&lt;group&gt;</string>
		</dict>
		<key>888A260E1CAAF56000793183</key>
		<dict>
			<key>fileRef</key>
			<string>888A260D1CAAF56000793183</string>
			<key>isa</key>
			<string>PBXBuildFile</string>
		</dict>
		<key>888A260F1CAC973500793183</key>
		<dict>
			<key>fileEncoding</key>
			<string>4</string>
			<key>isa</key>
			<string>PBXFileReference</string>
			<key>lastKnownFileType</key>
			<string>sourcecode.c.h</string>
			<key>path</key>
			<string>LoginViewController.h</string>
			<key>sourceTree</key>
			<string>&lt;group&gt;</string>
		</dict>
		<key>888A26101CAC973500793183</key>
		<dict>
			<key>fileEncoding</key>
			<string>4</string>
			<key>isa</key>
			<string>PBXFileReference</string>
			<key>lastKnownFileType</key>
			<string>sourcecode.c.objc</string>
			<key>path</key>
			<string>LoginViewController.m</string>
			<key>sourceTree</key>
			<string>&lt;group&gt;</string>
		</dict>
		<key>888A26111CAC973500793183</key>
		<dict>
			<key>fileRef</key>
			<string>888A26101CAC973500793183</string>
			<key>isa</key>
			<string>PBXBuildFile</string>
		</dict>
		<key>A0036DAA0A48A078DD77F3D3</key>
		<dict>
			<key>buildActionMask</key>
			<string>2147483647</string>
			<key>files</key>
			<array/>
			<key>inputPaths</key>
			<array/>
			<key>isa</key>
			<string>PBXShellScriptBuildPhase</string>
			<key>name</key>
			<string>Embed Pods Frameworks</string>
			<key>outputPaths</key>
			<array/>
			<key>runOnlyForDeploymentPostprocessing</key>
			<string>0</string>
			<key>shellPath</key>
			<string>/bin/sh</string>
			<key>shellScript</key>
			<string>"${SRCROOT}/Pods/Target Support Files/Pods/Pods-frameworks.sh"
</string>
			<key>showEnvVarsInLog</key>
			<string>0</string>
		</dict>
		<key>EB3E9066A261EFA6DF85A357</key>
		<dict>
			<key>includeInIndex</key>
			<string>1</string>
			<key>isa</key>
			<string>PBXFileReference</string>
			<key>lastKnownFileType</key>
			<string>text.xcconfig</string>
			<key>name</key>
			<string>Pods.debug.xcconfig</string>
			<key>path</key>
			<string>Pods/Target Support Files/Pods/Pods.debug.xcconfig</string>
			<key>sourceTree</key>
			<string>&lt;group&gt;</string>
		</dict>
	</dict>
	<key>rootObject</key>
	<string>888A257A1CA8A1EA00793183</string>
</dict>
</plist>
