// !$*UTF8*$!
{
	archiveVersion = 1;
	classes = {
	};
	objectVersion = 46;
	objects = {

/* Begin PBXBuildFile section */
		0206F6A333F3C48394BF27BF /* libPods.a in Frameworks */ = {isa = PBXBuildFile; fileRef = 39DF35FCF1D8573E671F46B7 /* libPods.a */; };
		888A25871CA8A1EA00793183 /* main.m in Sources */ = {isa = PBXBuildFile; fileRef = 888A25861CA8A1EA00793183 /* main.m */; };
		888A258A1CA8A1EA00793183 /* AppDelegate.m in Sources */ = {isa = PBXBuildFile; fileRef = 888A25891CA8A1EA00793183 /* AppDelegate.m */; };
		888A25921CA8A1EA00793183 /* Assets.xcassets in Resources */ = {isa = PBXBuildFile; fileRef = 888A25911CA8A1EA00793183 /* Assets.xcassets */; };
		888A25951CA8A1EA00793183 /* LaunchScreen.storyboard in Resources */ = {isa = PBXBuildFile; fileRef = 888A25931CA8A1EA00793183 /* LaunchScreen.storyboard */; };
		888A25F01CA9B6A100793183 /* 1.jpg in Resources */ = {isa = PBXBuildFile; fileRef = 888A25E61CA9B6A100793183 /* 1.jpg */; };
		888A25F11CA9B6A100793183 /* 2.jpg in Resources */ = {isa = PBXBuildFile; fileRef = 888A25E71CA9B6A100793183 /* 2.jpg */; };
		888A25F21CA9B6A100793183 /* 3.jpg in Resources */ = {isa = PBXBuildFile; fileRef = 888A25E81CA9B6A100793183 /* 3.jpg */; };
		888A25F31CA9B6A100793183 /* 4.jpg in Resources */ = {isa = PBXBuildFile; fileRef = 888A25E91CA9B6A100793183 /* 4.jpg */; };
		888A25F41CA9B6A100793183 /* 5.jpg in Resources */ = {isa = PBXBuildFile; fileRef = 888A25EA1CA9B6A100793183 /* 5.jpg */; };
		888A25F51CA9B6A100793183 /* 6.jpg in Resources */ = {isa = PBXBuildFile; fileRef = 888A25EB1CA9B6A100793183 /* 6.jpg */; };
		888A25F61CA9B6A100793183 /* 7.jpg in Resources */ = {isa = PBXBuildFile; fileRef = 888A25EC1CA9B6A100793183 /* 7.jpg */; };
		888A25F71CA9B6A100793183 /* 8.jpg in Resources */ = {isa = PBXBuildFile; fileRef = 888A25ED1CA9B6A100793183 /* 8.jpg */; };
		888A25F81CA9B6A100793183 /* 9.jpg in Resources */ = {isa = PBXBuildFile; fileRef = 888A25EE1CA9B6A100793183 /* 9.jpg */; };
		888A25F91CA9B6A100793183 /* 10.jpg in Resources */ = {isa = PBXBuildFile; fileRef = 888A25EF1CA9B6A100793183 /* 10.jpg */; };
		888A25FC1CA9B6DE00793183 /* ImagesTableViewController.m in Sources */ = {isa = PBXBuildFile; fileRef = 888A25FB1CA9B6DE00793183 /* ImagesTableViewController.m */; };
		888A25FF1CAA4E5F00793183 /* User.m in Sources */ = {isa = PBXBuildFile; fileRef = 888A25FE1CAA4E5F00793183 /* User.m */; };
		888A26021CAA4EAE00793183 /* Media.m in Sources */ = {isa = PBXBuildFile; fileRef = 888A26011CAA4EAE00793183 /* Media.m */; };
		888A26051CAA4F3E00793183 /* Comment.m in Sources */ = {isa = PBXBuildFile; fileRef = 888A26041CAA4F3E00793183 /* Comment.m */; };
		888A26081CAA4FAD00793183 /* DataSource.m in Sources */ = {isa = PBXBuildFile; fileRef = 888A26071CAA4FAD00793183 /* DataSource.m */; };
		888A260E1CAAF56000793183 /* MediaTableViewCell.m in Sources */ = {isa = PBXBuildFile; fileRef = 888A260D1CAAF56000793183 /* MediaTableViewCell.m */; };
		888A26111CAC973500793183 /* LoginViewController.m in Sources */ = {isa = PBXBuildFile; fileRef = 888A26101CAC973500793183 /* LoginViewController.m */; };
		88C4BB901CAFBC9F00142957 /* MediaFullScreenViewController.m in Sources */ = {isa = PBXBuildFile; fileRef = 88C4BB8F1CAFBC9F00142957 /* MediaFullScreenViewController.m */; };
		88C4BB931CB2210900142957 /* CircleSpinnerView.m in Sources */ = {isa = PBXBuildFile; fileRef = 88C4BB921CB2210900142957 /* CircleSpinnerView.m */; };
		88C4BB961CB2A90300142957 /* LikeButton.m in Sources */ = {isa = PBXBuildFile; fileRef = 88C4BB951CB2A90300142957 /* LikeButton.m */; };
/* End PBXBuildFile section */

/* Begin PBXFileReference section */
		39DF35FCF1D8573E671F46B7 /* libPods.a */ = {isa = PBXFileReference; explicitFileType = archive.ar; includeInIndex = 0; path = libPods.a; sourceTree = BUILT_PRODUCTS_DIR; };
		487F6869195A3552C3BEA289 /* Pods.release.xcconfig */ = {isa = PBXFileReference; includeInIndex = 1; lastKnownFileType = text.xcconfig; name = Pods.release.xcconfig; path = "Pods/Target Support Files/Pods/Pods.release.xcconfig"; sourceTree = "<group>"; };
		888A25821CA8A1EA00793183 /* Blocstagram.app */ = {isa = PBXFileReference; explicitFileType = wrapper.application; includeInIndex = 0; path = Blocstagram.app; sourceTree = BUILT_PRODUCTS_DIR; };
		888A25861CA8A1EA00793183 /* main.m */ = {isa = PBXFileReference; lastKnownFileType = sourcecode.c.objc; path = main.m; sourceTree = "<group>"; };
		888A25881CA8A1EA00793183 /* AppDelegate.h */ = {isa = PBXFileReference; lastKnownFileType = sourcecode.c.h; path = AppDelegate.h; sourceTree = "<group>"; };
		888A25891CA8A1EA00793183 /* AppDelegate.m */ = {isa = PBXFileReference; lastKnownFileType = sourcecode.c.objc; path = AppDelegate.m; sourceTree = "<group>"; };
		888A25911CA8A1EA00793183 /* Assets.xcassets */ = {isa = PBXFileReference; lastKnownFileType = folder.assetcatalog; path = Assets.xcassets; sourceTree = "<group>"; };
		888A25941CA8A1EA00793183 /* Base */ = {isa = PBXFileReference; lastKnownFileType = file.storyboard; name = Base; path = Base.lproj/LaunchScreen.storyboard; sourceTree = "<group>"; };
		888A25961CA8A1EA00793183 /* Info.plist */ = {isa = PBXFileReference; lastKnownFileType = text.plist.xml; path = Info.plist; sourceTree = "<group>"; };
		888A25E61CA9B6A100793183 /* 1.jpg */ = {isa = PBXFileReference; lastKnownFileType = image.jpeg; path = 1.jpg; sourceTree = "<group>"; };
		888A25E71CA9B6A100793183 /* 2.jpg */ = {isa = PBXFileReference; lastKnownFileType = image.jpeg; path = 2.jpg; sourceTree = "<group>"; };
		888A25E81CA9B6A100793183 /* 3.jpg */ = {isa = PBXFileReference; lastKnownFileType = image.jpeg; path = 3.jpg; sourceTree = "<group>"; };
		888A25E91CA9B6A100793183 /* 4.jpg */ = {isa = PBXFileReference; lastKnownFileType = image.jpeg; path = 4.jpg; sourceTree = "<group>"; };
		888A25EA1CA9B6A100793183 /* 5.jpg */ = {isa = PBXFileReference; lastKnownFileType = image.jpeg; path = 5.jpg; sourceTree = "<group>"; };
		888A25EB1CA9B6A100793183 /* 6.jpg */ = {isa = PBXFileReference; lastKnownFileType = image.jpeg; path = 6.jpg; sourceTree = "<group>"; };
		888A25EC1CA9B6A100793183 /* 7.jpg */ = {isa = PBXFileReference; lastKnownFileType = image.jpeg; path = 7.jpg; sourceTree = "<group>"; };
		888A25ED1CA9B6A100793183 /* 8.jpg */ = {isa = PBXFileReference; lastKnownFileType = image.jpeg; path = 8.jpg; sourceTree = "<group>"; };
		888A25EE1CA9B6A100793183 /* 9.jpg */ = {isa = PBXFileReference; lastKnownFileType = image.jpeg; path = 9.jpg; sourceTree = "<group>"; };
		888A25EF1CA9B6A100793183 /* 10.jpg */ = {isa = PBXFileReference; lastKnownFileType = image.jpeg; path = 10.jpg; sourceTree = "<group>"; };
		888A25FA1CA9B6DE00793183 /* ImagesTableViewController.h */ = {isa = PBXFileReference; fileEncoding = 4; lastKnownFileType = sourcecode.c.h; path = ImagesTableViewController.h; sourceTree = "<group>"; };
		888A25FB1CA9B6DE00793183 /* ImagesTableViewController.m */ = {isa = PBXFileReference; fileEncoding = 4; lastKnownFileType = sourcecode.c.objc; path = ImagesTableViewController.m; sourceTree = "<group>"; };
		888A25FD1CAA4E5F00793183 /* User.h */ = {isa = PBXFileReference; fileEncoding = 4; lastKnownFileType = sourcecode.c.h; path = User.h; sourceTree = "<group>"; };
		888A25FE1CAA4E5F00793183 /* User.m */ = {isa = PBXFileReference; fileEncoding = 4; lastKnownFileType = sourcecode.c.objc; path = User.m; sourceTree = "<group>"; };
		888A26001CAA4EAE00793183 /* Media.h */ = {isa = PBXFileReference; fileEncoding = 4; lastKnownFileType = sourcecode.c.h; path = Media.h; sourceTree = "<group>"; };
		888A26011CAA4EAE00793183 /* Media.m */ = {isa = PBXFileReference; fileEncoding = 4; lastKnownFileType = sourcecode.c.objc; path = Media.m; sourceTree = "<group>"; };
		888A26031CAA4F3E00793183 /* Comment.h */ = {isa = PBXFileReference; fileEncoding = 4; lastKnownFileType = sourcecode.c.h; path = Comment.h; sourceTree = "<group>"; };
		888A26041CAA4F3E00793183 /* Comment.m */ = {isa = PBXFileReference; fileEncoding = 4; lastKnownFileType = sourcecode.c.objc; path = Comment.m; sourceTree = "<group>"; };
		888A26061CAA4FAD00793183 /* DataSource.h */ = {isa = PBXFileReference; fileEncoding = 4; lastKnownFileType = sourcecode.c.h; path = DataSource.h; sourceTree = "<group>"; };
		888A26071CAA4FAD00793183 /* DataSource.m */ = {isa = PBXFileReference; fileEncoding = 4; lastKnownFileType = sourcecode.c.objc; path = DataSource.m; sourceTree = "<group>"; };
		888A260C1CAAF56000793183 /* MediaTableViewCell.h */ = {isa = PBXFileReference; fileEncoding = 4; lastKnownFileType = sourcecode.c.h; name = MediaTableViewCell.h; path = ../MediaTableViewCell.h; sourceTree = "<group>"; };
		888A260D1CAAF56000793183 /* MediaTableViewCell.m */ = {isa = PBXFileReference; fileEncoding = 4; lastKnownFileType = sourcecode.c.objc; name = MediaTableViewCell.m; path = ../MediaTableViewCell.m; sourceTree = "<group>"; };
		888A260F1CAC973500793183 /* LoginViewController.h */ = {isa = PBXFileReference; fileEncoding = 4; lastKnownFileType = sourcecode.c.h; path = LoginViewController.h; sourceTree = "<group>"; };
		888A26101CAC973500793183 /* LoginViewController.m */ = {isa = PBXFileReference; fileEncoding = 4; lastKnownFileType = sourcecode.c.objc; path = LoginViewController.m; sourceTree = "<group>"; };
		88C4BB8E1CAFBC9F00142957 /* MediaFullScreenViewController.h */ = {isa = PBXFileReference; fileEncoding = 4; lastKnownFileType = sourcecode.c.h; path = MediaFullScreenViewController.h; sourceTree = "<group>"; };
		88C4BB8F1CAFBC9F00142957 /* MediaFullScreenViewController.m */ = {isa = PBXFileReference; fileEncoding = 4; lastKnownFileType = sourcecode.c.objc; path = MediaFullScreenViewController.m; sourceTree = "<group>"; };
		88C4BB911CB2210900142957 /* CircleSpinnerView.h */ = {isa = PBXFileReference; fileEncoding = 4; lastKnownFileType = sourcecode.c.h; path = CircleSpinnerView.h; sourceTree = "<group>"; };
		88C4BB921CB2210900142957 /* CircleSpinnerView.m */ = {isa = PBXFileReference; fileEncoding = 4; lastKnownFileType = sourcecode.c.objc; path = CircleSpinnerView.m; sourceTree = "<group>"; };
		88C4BB941CB2A90300142957 /* LikeButton.h */ = {isa = PBXFileReference; fileEncoding = 4; lastKnownFileType = sourcecode.c.h; path = LikeButton.h; sourceTree = "<group>"; };
		88C4BB951CB2A90300142957 /* LikeButton.m */ = {isa = PBXFileReference; fileEncoding = 4; lastKnownFileType = sourcecode.c.objc; path = LikeButton.m; sourceTree = "<group>"; };
		EB3E9066A261EFA6DF85A357 /* Pods.debug.xcconfig */ = {isa = PBXFileReference; includeInIndex = 1; lastKnownFileType = text.xcconfig; name = Pods.debug.xcconfig; path = "Pods/Target Support Files/Pods/Pods.debug.xcconfig"; sourceTree = "<group>"; };
/* End PBXFileReference section */

/* Begin PBXFrameworksBuildPhase section */
		888A257F1CA8A1EA00793183 /* Frameworks */ = {
			isa = PBXFrameworksBuildPhase;
			buildActionMask = 2147483647;
			files = (
				0206F6A333F3C48394BF27BF /* libPods.a in Frameworks */,
			);
			runOnlyForDeploymentPostprocessing = 0;
		};
/* End PBXFrameworksBuildPhase section */

/* Begin PBXGroup section */
		16D39442002DB1EB190E6320 /* Pods */ = {
			isa = PBXGroup;
			children = (
				EB3E9066A261EFA6DF85A357 /* Pods.debug.xcconfig */,
				487F6869195A3552C3BEA289 /* Pods.release.xcconfig */,
			);
			name = Pods;
			sourceTree = "<group>";
		};
		6ED6C726D7356191CDF46F8E /* Frameworks */ = {
			isa = PBXGroup;
			children = (
				39DF35FCF1D8573E671F46B7 /* libPods.a */,
			);
			name = Frameworks;
			sourceTree = "<group>";
		};
		888A25791CA8A1EA00793183 = {
			isa = PBXGroup;
			children = (
				888A25841CA8A1EA00793183 /* Blocstagram */,
				888A25831CA8A1EA00793183 /* Products */,
				16D39442002DB1EB190E6320 /* Pods */,
				6ED6C726D7356191CDF46F8E /* Frameworks */,
			);
			sourceTree = "<group>";
		};
		888A25831CA8A1EA00793183 /* Products */ = {
			isa = PBXGroup;
			children = (
				888A25821CA8A1EA00793183 /* Blocstagram.app */,
			);
			name = Products;
			sourceTree = "<group>";
		};
		888A25841CA8A1EA00793183 /* Blocstagram */ = {
			isa = PBXGroup;
			children = (
				888A25E51CA9B68900793183 /* Images */,
				888A25881CA8A1EA00793183 /* AppDelegate.h */,
				888A25891CA8A1EA00793183 /* AppDelegate.m */,
				888A25FA1CA9B6DE00793183 /* ImagesTableViewController.h */,
				888A25FB1CA9B6DE00793183 /* ImagesTableViewController.m */,
				888A25FD1CAA4E5F00793183 /* User.h */,
				888A25FE1CAA4E5F00793183 /* User.m */,
				888A26001CAA4EAE00793183 /* Media.h */,
				888A26011CAA4EAE00793183 /* Media.m */,
				888A26031CAA4F3E00793183 /* Comment.h */,
				888A26041CAA4F3E00793183 /* Comment.m */,
				888A26061CAA4FAD00793183 /* DataSource.h */,
				888A26071CAA4FAD00793183 /* DataSource.m */,
				888A260C1CAAF56000793183 /* MediaTableViewCell.h */,
				888A260D1CAAF56000793183 /* MediaTableViewCell.m */,
				888A260F1CAC973500793183 /* LoginViewController.h */,
				888A26101CAC973500793183 /* LoginViewController.m */,
				88C4BB8E1CAFBC9F00142957 /* MediaFullScreenViewController.h */,
				88C4BB8F1CAFBC9F00142957 /* MediaFullScreenViewController.m */,
				88C4BB911CB2210900142957 /* CircleSpinnerView.h */,
				88C4BB921CB2210900142957 /* CircleSpinnerView.m */,
				88C4BB941CB2A90300142957 /* LikeButton.h */,
				88C4BB951CB2A90300142957 /* LikeButton.m */,
				888A25911CA8A1EA00793183 /* Assets.xcassets */,
				888A25931CA8A1EA00793183 /* LaunchScreen.storyboard */,
				888A25961CA8A1EA00793183 /* Info.plist */,
				888A25851CA8A1EA00793183 /* Supporting Files */,
			);
			path = Blocstagram;
			sourceTree = "<group>";
		};
		888A25851CA8A1EA00793183 /* Supporting Files */ = {
			isa = PBXGroup;
			children = (
				888A25861CA8A1EA00793183 /* main.m */,
			);
			name = "Supporting Files";
			sourceTree = "<group>";
		};
		888A25E51CA9B68900793183 /* Images */ = {
			isa = PBXGroup;
			children = (
				888A25E61CA9B6A100793183 /* 1.jpg */,
				888A25E71CA9B6A100793183 /* 2.jpg */,
				888A25E81CA9B6A100793183 /* 3.jpg */,
				888A25E91CA9B6A100793183 /* 4.jpg */,
				888A25EA1CA9B6A100793183 /* 5.jpg */,
				888A25EB1CA9B6A100793183 /* 6.jpg */,
				888A25EC1CA9B6A100793183 /* 7.jpg */,
				888A25ED1CA9B6A100793183 /* 8.jpg */,
				888A25EE1CA9B6A100793183 /* 9.jpg */,
				888A25EF1CA9B6A100793183 /* 10.jpg */,
			);
			name = Images;
			sourceTree = "<group>";
		};
/* End PBXGroup section */

/* Begin PBXNativeTarget section */
		888A25811CA8A1EA00793183 /* Blocstagram */ = {
			isa = PBXNativeTarget;
			buildConfigurationList = 888A25991CA8A1EA00793183 /* Build configuration list for PBXNativeTarget "Blocstagram" */;
			buildPhases = (
				0591185C033C33EB03F83E24 /* Check Pods Manifest.lock */,
				888A257E1CA8A1EA00793183 /* Sources */,
				888A257F1CA8A1EA00793183 /* Frameworks */,
				888A25801CA8A1EA00793183 /* Resources */,
				A0036DAA0A48A078DD77F3D3 /* Embed Pods Frameworks */,
				67A65FC315F39DD16E638C1D /* Copy Pods Resources */,
			);
			buildRules = (
			);
			dependencies = (
			);
			name = Blocstagram;
			productName = Blocstagram;
			productReference = 888A25821CA8A1EA00793183 /* Blocstagram.app */;
			productType = "com.apple.product-type.application";
		};
/* End PBXNativeTarget section */

/* Begin PBXProject section */
		888A257A1CA8A1EA00793183 /* Project object */ = {
			isa = PBXProject;
			attributes = {
				LastUpgradeCheck = 0730;
				ORGANIZATIONNAME = Bloc;
				TargetAttributes = {
					888A25811CA8A1EA00793183 = {
						CreatedOnToolsVersion = 7.3;
					};
				};
			};
			buildConfigurationList = 888A257D1CA8A1EA00793183 /* Build configuration list for PBXProject "Blocstagram" */;
			compatibilityVersion = "Xcode 3.2";
			developmentRegion = English;
			hasScannedForEncodings = 0;
			knownRegions = (
				en,
				Base,
			);
			mainGroup = 888A25791CA8A1EA00793183;
			productRefGroup = 888A25831CA8A1EA00793183 /* Products */;
			projectDirPath = "";
			projectRoot = "";
			targets = (
				888A25811CA8A1EA00793183 /* Blocstagram */,
			);
		};
/* End PBXProject section */

/* Begin PBXResourcesBuildPhase section */
		888A25801CA8A1EA00793183 /* Resources */ = {
			isa = PBXResourcesBuildPhase;
			buildActionMask = 2147483647;
			files = (
				888A25F81CA9B6A100793183 /* 9.jpg in Resources */,
				888A25F71CA9B6A100793183 /* 8.jpg in Resources */,
				888A25F31CA9B6A100793183 /* 4.jpg in Resources */,
				888A25F21CA9B6A100793183 /* 3.jpg in Resources */,
				888A25F51CA9B6A100793183 /* 6.jpg in Resources */,
				888A25F01CA9B6A100793183 /* 1.jpg in Resources */,
				888A25951CA8A1EA00793183 /* LaunchScreen.storyboard in Resources */,
				888A25F41CA9B6A100793183 /* 5.jpg in Resources */,
				888A25F61CA9B6A100793183 /* 7.jpg in Resources */,
				888A25F11CA9B6A100793183 /* 2.jpg in Resources */,
				888A25F91CA9B6A100793183 /* 10.jpg in Resources */,
				888A25921CA8A1EA00793183 /* Assets.xcassets in Resources */,
			);
			runOnlyForDeploymentPostprocessing = 0;
		};
/* End PBXResourcesBuildPhase section */

/* Begin PBXShellScriptBuildPhase section */
		0591185C033C33EB03F83E24 /* Check Pods Manifest.lock */ = {
			isa = PBXShellScriptBuildPhase;
			buildActionMask = 2147483647;
			files = (
			);
			inputPaths = (
			);
			name = "Check Pods Manifest.lock";
			outputPaths = (
			);
			runOnlyForDeploymentPostprocessing = 0;
			shellPath = /bin/sh;
			shellScript = "diff \"${PODS_ROOT}/../Podfile.lock\" \"${PODS_ROOT}/Manifest.lock\" > /dev/null\nif [[ $? != 0 ]] ; then\n    cat << EOM\nerror: The sandbox is not in sync with the Podfile.lock. Run 'pod install' or update your CocoaPods installation.\nEOM\n    exit 1\nfi\n";
			showEnvVarsInLog = 0;
		};
		67A65FC315F39DD16E638C1D /* Copy Pods Resources */ = {
			isa = PBXShellScriptBuildPhase;
			buildActionMask = 2147483647;
			files = (
			);
			inputPaths = (
			);
			name = "Copy Pods Resources";
			outputPaths = (
			);
			runOnlyForDeploymentPostprocessing = 0;
			shellPath = /bin/sh;
			shellScript = "\"${SRCROOT}/Pods/Target Support Files/Pods/Pods-resources.sh\"\n";
			showEnvVarsInLog = 0;
		};
		A0036DAA0A48A078DD77F3D3 /* Embed Pods Frameworks */ = {
			isa = PBXShellScriptBuildPhase;
			buildActionMask = 2147483647;
			files = (
			);
			inputPaths = (
			);
			name = "Embed Pods Frameworks";
			outputPaths = (
			);
			runOnlyForDeploymentPostprocessing = 0;
			shellPath = /bin/sh;
			shellScript = "\"${SRCROOT}/Pods/Target Support Files/Pods/Pods-frameworks.sh\"\n";
			showEnvVarsInLog = 0;
		};
/* End PBXShellScriptBuildPhase section */

/* Begin PBXSourcesBuildPhase section */
		888A257E1CA8A1EA00793183 /* Sources */ = {
			isa = PBXSourcesBuildPhase;
			buildActionMask = 2147483647;
			files = (
				88C4BB901CAFBC9F00142957 /* MediaFullScreenViewController.m in Sources */,
				88C4BB931CB2210900142957 /* CircleSpinnerView.m in Sources */,
				888A25FF1CAA4E5F00793183 /* User.m in Sources */,
				888A26051CAA4F3E00793183 /* Comment.m in Sources */,
				888A260E1CAAF56000793183 /* MediaTableViewCell.m in Sources */,
				888A26021CAA4EAE00793183 /* Media.m in Sources */,
				888A258A1CA8A1EA00793183 /* AppDelegate.m in Sources */,
				888A26111CAC973500793183 /* LoginViewController.m in Sources */,
				88C4BB961CB2A90300142957 /* LikeButton.m in Sources */,
				888A26081CAA4FAD00793183 /* DataSource.m in Sources */,
				888A25871CA8A1EA00793183 /* main.m in Sources */,
				888A25FC1CA9B6DE00793183 /* ImagesTableViewController.m in Sources */,
			);
			runOnlyForDeploymentPostprocessing = 0;
		};
/* End PBXSourcesBuildPhase section */

/* Begin PBXVariantGroup section */
		888A25931CA8A1EA00793183 /* LaunchScreen.storyboard */ = {
			isa = PBXVariantGroup;
			children = (
				888A25941CA8A1EA00793183 /* Base */,
			);
			name = LaunchScreen.storyboard;
			sourceTree = "<group>";
		};
/* End PBXVariantGroup section */

/* Begin XCBuildConfiguration section */
		888A25971CA8A1EA00793183 /* Debug */ = {
			isa = XCBuildConfiguration;
			buildSettings = {
				ALWAYS_SEARCH_USER_PATHS = NO;
				CLANG_ANALYZER_NONNULL = YES;
				CLANG_CXX_LANGUAGE_STANDARD = "gnu++0x";
				CLANG_CXX_LIBRARY = "libc++";
				CLANG_ENABLE_MODULES = YES;
				CLANG_ENABLE_OBJC_ARC = YES;
				CLANG_WARN_BOOL_CONVERSION = YES;
				CLANG_WARN_CONSTANT_CONVERSION = YES;
				CLANG_WARN_DIRECT_OBJC_ISA_USAGE = YES_ERROR;
				CLANG_WARN_EMPTY_BODY = YES;
				CLANG_WARN_ENUM_CONVERSION = YES;
				CLANG_WARN_INT_CONVERSION = YES;
				CLANG_WARN_OBJC_ROOT_CLASS = YES_ERROR;
				CLANG_WARN_UNREACHABLE_CODE = YES;
				CLANG_WARN__DUPLICATE_METHOD_MATCH = YES;
				"CODE_SIGN_IDENTITY[sdk=iphoneos*]" = "iPhone Developer";
				COPY_PHASE_STRIP = NO;
				DEBUG_INFORMATION_FORMAT = dwarf;
				ENABLE_STRICT_OBJC_MSGSEND = YES;
				ENABLE_TESTABILITY = YES;
				GCC_C_LANGUAGE_STANDARD = gnu99;
				GCC_DYNAMIC_NO_PIC = NO;
				GCC_NO_COMMON_BLOCKS = YES;
				GCC_OPTIMIZATION_LEVEL = 0;
				GCC_PREPROCESSOR_DEFINITIONS = (
					"DEBUG=1",
					"$(inherited)",
				);
				GCC_WARN_64_TO_32_BIT_CONVERSION = YES;
				GCC_WARN_ABOUT_RETURN_TYPE = YES_ERROR;
				GCC_WARN_UNDECLARED_SELECTOR = YES;
				GCC_WARN_UNINITIALIZED_AUTOS = YES_AGGRESSIVE;
				GCC_WARN_UNUSED_FUNCTION = YES;
				GCC_WARN_UNUSED_VARIABLE = YES;
				IPHONEOS_DEPLOYMENT_TARGET = 9.3;
				MTL_ENABLE_DEBUG_INFO = YES;
				ONLY_ACTIVE_ARCH = YES;
				SDKROOT = iphoneos;
				TARGETED_DEVICE_FAMILY = "1,2";
			};
			name = Debug;
		};
		888A25981CA8A1EA00793183 /* Release */ = {
			isa = XCBuildConfiguration;
			buildSettings = {
				ALWAYS_SEARCH_USER_PATHS = NO;
				CLANG_ANALYZER_NONNULL = YES;
				CLANG_CXX_LANGUAGE_STANDARD = "gnu++0x";
				CLANG_CXX_LIBRARY = "libc++";
				CLANG_ENABLE_MODULES = YES;
				CLANG_ENABLE_OBJC_ARC = YES;
				CLANG_WARN_BOOL_CONVERSION = YES;
				CLANG_WARN_CONSTANT_CONVERSION = YES;
				CLANG_WARN_DIRECT_OBJC_ISA_USAGE = YES_ERROR;
				CLANG_WARN_EMPTY_BODY = YES;
				CLANG_WARN_ENUM_CONVERSION = YES;
				CLANG_WARN_INT_CONVERSION = YES;
				CLANG_WARN_OBJC_ROOT_CLASS = YES_ERROR;
				CLANG_WARN_UNREACHABLE_CODE = YES;
				CLANG_WARN__DUPLICATE_METHOD_MATCH = YES;
				"CODE_SIGN_IDENTITY[sdk=iphoneos*]" = "iPhone Developer";
				COPY_PHASE_STRIP = NO;
				DEBUG_INFORMATION_FORMAT = "dwarf-with-dsym";
				ENABLE_NS_ASSERTIONS = NO;
				ENABLE_STRICT_OBJC_MSGSEND = YES;
				GCC_C_LANGUAGE_STANDARD = gnu99;
				GCC_NO_COMMON_BLOCKS = YES;
				GCC_WARN_64_TO_32_BIT_CONVERSION = YES;
				GCC_WARN_ABOUT_RETURN_TYPE = YES_ERROR;
				GCC_WARN_UNDECLARED_SELECTOR = YES;
				GCC_WARN_UNINITIALIZED_AUTOS = YES_AGGRESSIVE;
				GCC_WARN_UNUSED_FUNCTION = YES;
				GCC_WARN_UNUSED_VARIABLE = YES;
				IPHONEOS_DEPLOYMENT_TARGET = 9.3;
				MTL_ENABLE_DEBUG_INFO = NO;
				SDKROOT = iphoneos;
				TARGETED_DEVICE_FAMILY = "1,2";
				VALIDATE_PRODUCT = YES;
			};
			name = Release;
		};
		888A259A1CA8A1EA00793183 /* Debug */ = {
			isa = XCBuildConfiguration;
			baseConfigurationReference = EB3E9066A261EFA6DF85A357 /* Pods.debug.xcconfig */;
			buildSettings = {
				ASSETCATALOG_COMPILER_APPICON_NAME = AppIcon;
				INFOPLIST_FILE = Blocstagram/Info.plist;
				LD_RUNPATH_SEARCH_PATHS = "$(inherited) @executable_path/Frameworks";
				PRODUCT_BUNDLE_IDENTIFIER = com.Bloc.Blocstagram;
				PRODUCT_NAME = "$(TARGET_NAME)";
			};
			name = Debug;
		};
		888A259B1CA8A1EA00793183 /* Release */ = {
			isa = XCBuildConfiguration;
			baseConfigurationReference = 487F6869195A3552C3BEA289 /* Pods.release.xcconfig */;
			buildSettings = {
				ASSETCATALOG_COMPILER_APPICON_NAME = AppIcon;
				INFOPLIST_FILE = Blocstagram/Info.plist;
				LD_RUNPATH_SEARCH_PATHS = "$(inherited) @executable_path/Frameworks";
				PRODUCT_BUNDLE_IDENTIFIER = com.Bloc.Blocstagram;
				PRODUCT_NAME = "$(TARGET_NAME)";
			};
			name = Release;
		};
/* End XCBuildConfiguration section */

/* Begin XCConfigurationList section */
		888A257D1CA8A1EA00793183 /* Build configuration list for PBXProject "Blocstagram" */ = {
			isa = XCConfigurationList;
			buildConfigurations = (
				888A25971CA8A1EA00793183 /* Debug */,
				888A25981CA8A1EA00793183 /* Release */,
			);
			defaultConfigurationIsVisible = 0;
			defaultConfigurationName = Release;
		};
		888A25991CA8A1EA00793183 /* Build configuration list for PBXNativeTarget "Blocstagram" */ = {
			isa = XCConfigurationList;
			buildConfigurations = (
				888A259A1CA8A1EA00793183 /* Debug */,
				888A259B1CA8A1EA00793183 /* Release */,
			);
			defaultConfigurationIsVisible = 0;
			defaultConfigurationName = Release;
		};
/* End XCConfigurationList section */
	};
	rootObject = 888A257A1CA8A1EA00793183 /* Project object */;
}
